
Microsoft Visual Studio Solution File, Format Version 12.00
# Visual Studio Version 17
VisualStudioVersion = 17.8.34330.188
MinimumVisualStudioVersion = 10.0.40219.1
Project("{9A19103F-16F7-4668-BE54-9A1E7A4F7556}") = "BusinessLogic", "BusinessLogic\BusinessLogic.csproj", "{1CD9EAA1-8BB2-4F30-B193-9C77F4CFB408}"
EndProject
Project("{9A19103F-16F7-4668-BE54-9A1E7A4F7556}") = "MainApp", "MainApp\MainApp.csproj", "{22C36395-025E-4B32-83D1-8C54FDE4D5A4}"
EndProject
Project("{FAE04EC0-301F-11D3-BF4B-00C04F79EFBC}") = "BusinessLogic.Tests", "BusinessLogic.Tests\BusinessLogic.Tests.csproj", "{857DA251-AB30-4FD1-BB4B-4A09A4DC3C3F}"
EndProject
Global
	GlobalSection(SolutionConfigurationPlatforms) = preSolution
		Debug|Any CPU = Debug|Any CPU
		Release|Any CPU = Release|Any CPU
	EndGlobalSection
	GlobalSection(ProjectConfigurationPlatforms) = postSolution
		{1CD9EAA1-8BB2-4F30-B193-9C77F4CFB408}.Debug|Any CPU.ActiveCfg = Debug|Any CPU
		{1CD9EAA1-8BB2-4F30-B193-9C77F4CFB408}.Debug|Any CPU.Build.0 = Debug|Any CPU
		{1CD9EAA1-8BB2-4F30-B193-9C77F4CFB408}.Release|Any CPU.ActiveCfg = Release|Any CPU
		{1CD9EAA1-8BB2-4F30-B193-9C77F4CFB408}.Release|Any CPU.Build.0 = Release|Any CPU
		{22C36395-025E-4B32-83D1-8C54FDE4D5A4}.Debug|Any CPU.ActiveCfg = Debug|Any CPU
		{22C36395-025E-4B32-83D1-8C54FDE4D5A4}.Debug|Any CPU.Build.0 = Debug|Any CPU
		{22C36395-025E-4B32-83D1-8C54FDE4D5A4}.Release|Any CPU.ActiveCfg = Release|Any CPU
		{22C36395-025E-4B32-83D1-8C54FDE4D5A4}.Release|Any CPU.Build.0 = Release|Any CPU
		{857DA251-AB30-4FD1-BB4B-4A09A4DC3C3F}.Debug|Any CPU.ActiveCfg = Debug|Any CPU
		{857DA251-AB30-4FD1-BB4B-4A09A4DC3C3F}.Debug|Any CPU.Build.0 = Debug|Any CPU
		{857DA251-AB30-4FD1-BB4B-4A09A4DC3C3F}.Release|Any CPU.ActiveCfg = Release|Any CPU
		{857DA251-AB30-4FD1-BB4B-4A09A4DC3C3F}.Release|Any CPU.Build.0 = Release|Any CPU
	EndGlobalSection
	GlobalSection(SolutionProperties) = preSolution
		HideSolutionNode = FALSE
	EndGlobalSection
	GlobalSection(ExtensibilityGlobals) = postSolution
		SolutionGuid = {10531520-1762-4F38-8E88-2209969724B6}
	EndGlobalSection
EndGlobal
