
Microsoft Visual Studio Solution File, Format Version 12.00
# Visual Studio Version 17
VisualStudioVersion = 17.7.34031.279
MinimumVisualStudioVersion = 10.0.40219.1
Project("{9A19103F-16F7-4668-BE54-9A1E7A4F7556}") = "Library", "Library\Library.csproj", "{96E9560A-01B7-4220-8B94-F00EF255A1FB}"
EndProject
Project("{FAE04EC0-301F-11D3-BF4B-00C04F79EFBC}") = "Library.Tests", "Library.Tests\Library.Tests.csproj", "{AE3084BA-31A6-4576-80E0-AF72FB98901E}"
EndProject
Global
	GlobalSection(SolutionConfigurationPlatforms) = preSolution
		Debug|Any CPU = Debug|Any CPU
		Release|Any CPU = Release|Any CPU
	EndGlobalSection
	GlobalSection(ProjectConfigurationPlatforms) = postSolution
		{96E9560A-01B7-4220-8B94-F00EF255A1FB}.Debug|Any CPU.ActiveCfg = Debug|Any CPU
		{96E9560A-01B7-4220-8B94-F00EF255A1FB}.Debug|Any CPU.Build.0 = Debug|Any CPU
		{96E9560A-01B7-4220-8B94-F00EF255A1FB}.Release|Any CPU.ActiveCfg = Release|Any CPU
		{96E9560A-01B7-4220-8B94-F00EF255A1FB}.Release|Any CPU.Build.0 = Release|Any CPU
		{AE3084BA-31A6-4576-80E0-AF72FB98901E}.Debug|Any CPU.ActiveCfg = Debug|Any CPU
		{AE3084BA-31A6-4576-80E0-AF72FB98901E}.Debug|Any CPU.Build.0 = Debug|Any CPU
		{AE3084BA-31A6-4576-80E0-AF72FB98901E}.Release|Any CPU.ActiveCfg = Release|Any CPU
		{AE3084BA-31A6-4576-80E0-AF72FB98901E}.Release|Any CPU.Build.0 = Release|Any CPU
	EndGlobalSection
	GlobalSection(SolutionProperties) = preSolution
		HideSolutionNode = FALSE
	EndGlobalSection
	GlobalSection(ExtensibilityGlobals) = postSolution
		SolutionGuid = {0D25419B-3633-456D-BEA2-CAFA4BED7DB7}
	EndGlobalSection
EndGlobal
