
Microsoft Visual Studio Solution File, Format Version 12.00
# Visual Studio Version 17
VisualStudioVersion = 17.12.35506.116 d17.12
MinimumVisualStudioVersion = 10.0.40219.1
Project("{FAE04EC0-301F-11D3-BF4B-00C04F79EFBC}") = "MobileApp.Android", "MobileApp\MobileApp.Android\MobileApp.Android.csproj", "{507D8BC3-31D0-4B0D-B913-F80D58D834AD}"
EndProject
Project("{FAE04EC0-301F-11D3-BF4B-00C04F79EFBC}") = "MobileApp.iOS", "MobileApp\MobileApp.iOS\MobileApp.iOS.csproj", "{6D576614-033C-4247-BE70-43DB4AB6B599}"
EndProject
Project("{FAE04EC0-301F-11D3-BF4B-00C04F79EFBC}") = "MobileApp", "MobileApp\MobileApp\MobileApp.csproj", "{B2F43CF7-998E-4E27-9D6C-31AAD69DA24C}"
EndProject
Project("{FAE04EC0-301F-11D3-BF4B-00C04F79EFBC}") = "MobileApp.UITests", "MobileApp.UITests\MobileApp.UITests.csproj", "{0846235B-7AA1-417E-A3B9-7D99B4B268EA}"
EndProject
Global
	GlobalSection(SolutionConfigurationPlatforms) = preSolution
		Debug|Any CPU = Debug|Any CPU
		Release|Any CPU = Release|Any CPU
	EndGlobalSection
	GlobalSection(ProjectConfigurationPlatforms) = postSolution
		{507D8BC3-31D0-4B0D-B913-F80D58D834AD}.Debug|Any CPU.ActiveCfg = Debug|Any CPU
		{507D8BC3-31D0-4B0D-B913-F80D58D834AD}.Debug|Any CPU.Build.0 = Debug|Any CPU
		{507D8BC3-31D0-4B0D-B913-F80D58D834AD}.Debug|Any CPU.Deploy.0 = Debug|Any CPU
		{507D8BC3-31D0-4B0D-B913-F80D58D834AD}.Release|Any CPU.ActiveCfg = Release|Any CPU
		{507D8BC3-31D0-4B0D-B913-F80D58D834AD}.Release|Any CPU.Build.0 = Release|Any CPU
		{507D8BC3-31D0-4B0D-B913-F80D58D834AD}.Release|Any CPU.Deploy.0 = Release|Any CPU
		{6D576614-033C-4247-BE70-43DB4AB6B599}.Debug|Any CPU.ActiveCfg = Debug|iPhone
		{6D576614-033C-4247-BE70-43DB4AB6B599}.Debug|Any CPU.Build.0 = Debug|iPhone
		{6D576614-033C-4247-BE70-43DB4AB6B599}.Debug|Any CPU.Deploy.0 = Debug|iPhone
		{6D576614-033C-4247-BE70-43DB4AB6B599}.Release|Any CPU.ActiveCfg = Release|iPhoneSimulator
		{6D576614-033C-4247-BE70-43DB4AB6B599}.Release|Any CPU.Build.0 = Release|iPhoneSimulator
		{6D576614-033C-4247-BE70-43DB4AB6B599}.Release|Any CPU.Deploy.0 = Release|iPhoneSimulator
		{B2F43CF7-998E-4E27-9D6C-31AAD69DA24C}.Debug|Any CPU.ActiveCfg = Debug|Any CPU
		{B2F43CF7-998E-4E27-9D6C-31AAD69DA24C}.Debug|Any CPU.Build.0 = Debug|Any CPU
		{B2F43CF7-998E-4E27-9D6C-31AAD69DA24C}.Debug|Any CPU.Deploy.0 = Debug|Any CPU
		{B2F43CF7-998E-4E27-9D6C-31AAD69DA24C}.Release|Any CPU.ActiveCfg = Release|Any CPU
		{B2F43CF7-998E-4E27-9D6C-31AAD69DA24C}.Release|Any CPU.Build.0 = Release|Any CPU
		{B2F43CF7-998E-4E27-9D6C-31AAD69DA24C}.Release|Any CPU.Deploy.0 = Release|Any CPU
		{0846235B-7AA1-417E-A3B9-7D99B4B268EA}.Debug|Any CPU.ActiveCfg = Debug|Any CPU
		{0846235B-7AA1-417E-A3B9-7D99B4B268EA}.Debug|Any CPU.Build.0 = Debug|Any CPU
		{0846235B-7AA1-417E-A3B9-7D99B4B268EA}.Release|Any CPU.ActiveCfg = Release|Any CPU
		{0846235B-7AA1-417E-A3B9-7D99B4B268EA}.Release|Any CPU.Build.0 = Release|Any CPU
	EndGlobalSection
	GlobalSection(SolutionProperties) = preSolution
		HideSolutionNode = FALSE
	EndGlobalSection
EndGlobal
